
Microsoft Visual Studio Solution File, Format Version 12.00
# Visual Studio Version 17
VisualStudioVersion = 17.9.34728.123
MinimumVisualStudioVersion = 10.0.40219.1
Project("{9A19103F-16F7-4668-BE54-9A1E7A4F7556}") = "BudgetPlanner.API", "BudgetPlanner.API\BudgetPlanner.API.csproj", "{969B3267-A454-4E63-8387-234433185609}"
EndProject
Global
	GlobalSection(SolutionConfigurationPlatforms) = preSolution
		Debug|Any CPU = Debug|Any CPU
		Release|Any CPU = Release|Any CPU
	EndGlobalSection
	GlobalSection(ProjectConfigurationPlatforms) = postSolution
		{969B3267-A454-4E63-8387-234433185609}.Debug|Any CPU.ActiveCfg = Debug|Any CPU
		{969B3267-A454-4E63-8387-234433185609}.Debug|Any CPU.Build.0 = Debug|Any CPU
		{969B3267-A454-4E63-8387-234433185609}.Release|Any CPU.ActiveCfg = Release|Any CPU
		{969B3267-A454-4E63-8387-234433185609}.Release|Any CPU.Build.0 = Release|Any CPU
	EndGlobalSection
	GlobalSection(SolutionProperties) = preSolution
		HideSolutionNode = FALSE
	EndGlobalSection
	GlobalSection(ExtensibilityGlobals) = postSolution
		SolutionGuid = {69932882-EFA0-40A9-AC03-8BFA509505EC}
	EndGlobalSection
EndGlobal
